
Microsoft Visual Studio Solution File, Format Version 12.00
# Visual Studio 2013
VisualStudioVersion = 12.0.31101.0
MinimumVisualStudioVersion = 10.0.40219.1
Project("{E24C65DC-7377-472B-9ABA-BC803B73C61A}") = "VLaboral_Test(1)", "http://localhost:12157", "{57F0782E-B3BE-4370-BAB5-A3B006FDC20A}"
	ProjectSection(WebsiteProperties) = preProject
		UseIISExpress = "true"
		TargetFrameworkMoniker = ".NETFramework,Version%3Dv4.0"
		Debug.AspNetCompiler.VirtualPath = "/localhost_12157"
		Debug.AspNetCompiler.PhysicalPath = "..\VLaboral_Test\"
		Debug.AspNetCompiler.TargetPath = "PrecompiledWeb\localhost_12157\"
		Debug.AspNetCompiler.Updateable = "true"
		Debug.AspNetCompiler.ForceOverwrite = "true"
		Debug.AspNetCompiler.FixedNames = "false"
		Debug.AspNetCompiler.Debug = "True"
		Release.AspNetCompiler.VirtualPath = "/localhost_12157"
		Release.AspNetCompiler.PhysicalPath = "..\VLaboral_Test\"
		Release.AspNetCompiler.TargetPath = "PrecompiledWeb\localhost_12157\"
		Release.AspNetCompiler.Updateable = "true"
		Release.AspNetCompiler.ForceOverwrite = "true"
		Release.AspNetCompiler.FixedNames = "false"
		Release.AspNetCompiler.Debug = "False"
		SlnRelativePath = "..\VLaboral_Test\"
	EndProjectSection
EndProject
Global
	GlobalSection(SolutionConfigurationPlatforms) = preSolution
		Debug|Any CPU = Debug|Any CPU
	EndGlobalSection
	GlobalSection(ProjectConfigurationPlatforms) = postSolution
		{57F0782E-B3BE-4370-BAB5-A3B006FDC20A}.Debug|Any CPU.ActiveCfg = Debug|Any CPU
		{57F0782E-B3BE-4370-BAB5-A3B006FDC20A}.Debug|Any CPU.Build.0 = Debug|Any CPU
	EndGlobalSection
	GlobalSection(SolutionProperties) = preSolution
		HideSolutionNode = FALSE
	EndGlobalSection
EndGlobal
